// !$*UTF8*$!
{
	archiveVersion = 1;
	classes = {
	};
	objectVersion = 46;
	objects = {

/* Begin PBXBuildFile section */
		4C01B7831D49C9F3003B4DF0 /* QuizGeneratorVC.swift in Sources */ = {isa = PBXBuildFile; fileRef = 4C01B7821D49C9F3003B4DF0 /* QuizGeneratorVC.swift */; };
		4C6AD84C1D4AFC07009475F4 /* AddTermVC.swift in Sources */ = {isa = PBXBuildFile; fileRef = 4C6AD84B1D4AFC07009475F4 /* AddTermVC.swift */; };
		4C6AD84E1D4B0B5F009475F4 /* QuizVC.swift in Sources */ = {isa = PBXBuildFile; fileRef = 4C6AD84D1D4B0B5F009475F4 /* QuizVC.swift */; };
		4C8E12F51D52E6420043D97C /* Course+CoreDataProperties.swift in Sources */ = {isa = PBXBuildFile; fileRef = 4C8E12F11D52E6420043D97C /* Course+CoreDataProperties.swift */; };
		4C8E12F61D52E6420043D97C /* Course.swift in Sources */ = {isa = PBXBuildFile; fileRef = 4C8E12F21D52E6420043D97C /* Course.swift */; };
		4C8E12F71D52E6420043D97C /* Term+CoreDataProperties.swift in Sources */ = {isa = PBXBuildFile; fileRef = 4C8E12F31D52E6420043D97C /* Term+CoreDataProperties.swift */; };
		4C8E12F81D52E6420043D97C /* Term.swift in Sources */ = {isa = PBXBuildFile; fileRef = 4C8E12F41D52E6420043D97C /* Term.swift */; };
		4C97E1531D49FE7300CFFAFB /* TermTVC.swift in Sources */ = {isa = PBXBuildFile; fileRef = 4C97E1521D49FE7300CFFAFB /* TermTVC.swift */; };
		4C97E16D1D4A06C400CFFAFB /* CoursesDataModel.xcdatamodeld in Sources */ = {isa = PBXBuildFile; fileRef = 4C97E16B1D4A06C400CFFAFB /* CoursesDataModel.xcdatamodeld */; };
		4C97E17B1D4A2BEF00CFFAFB /* AddCourseVC.swift in Sources */ = {isa = PBXBuildFile; fileRef = 4C97E17A1D4A2BEF00CFFAFB /* AddCourseVC.swift */; };
		4CA327591D56C94400C74309 /* StringProcess.swift in Sources */ = {isa = PBXBuildFile; fileRef = 4CA327581D56C94400C74309 /* StringProcess.swift */; };
		4CD4087F1D58D4630084DA61 /* QuizSummaryVC.swift in Sources */ = {isa = PBXBuildFile; fileRef = 4CD4087E1D58D4630084DA61 /* QuizSummaryVC.swift */; };
		4CDAA3061D599A960001B23E /* QuizSummaryTVCell.swift in Sources */ = {isa = PBXBuildFile; fileRef = 4CDAA3051D599A960001B23E /* QuizSummaryTVCell.swift */; };
		4CDAA3081D5AC0520001B23E /* TickCrossIndicator.swift in Sources */ = {isa = PBXBuildFile; fileRef = 4CDAA3071D5AC0520001B23E /* TickCrossIndicator.swift */; };
		4CDAA30A1D5AD2A60001B23E /* ViewDetaimTermVC.swift in Sources */ = {isa = PBXBuildFile; fileRef = 4CDAA3091D5AD2A60001B23E /* ViewDetaimTermVC.swift */; };
		4CDAA30C1D5B24810001B23E /* EditTermVC.swift in Sources */ = {isa = PBXBuildFile; fileRef = 4CDAA30B1D5B24810001B23E /* EditTermVC.swift */; };
		4CE25ED61D48B85300E4CD85 /* AppDelegate.swift in Sources */ = {isa = PBXBuildFile; fileRef = 4CE25ED51D48B85300E4CD85 /* AppDelegate.swift */; };
		4CE25EDB1D48B85300E4CD85 /* Main.storyboard in Resources */ = {isa = PBXBuildFile; fileRef = 4CE25ED91D48B85300E4CD85 /* Main.storyboard */; };
		4CE25EE01D48B85300E4CD85 /* Assets.xcassets in Resources */ = {isa = PBXBuildFile; fileRef = 4CE25EDF1D48B85300E4CD85 /* Assets.xcassets */; };
		4CE25EE31D48B85300E4CD85 /* LaunchScreen.storyboard in Resources */ = {isa = PBXBuildFile; fileRef = 4CE25EE11D48B85300E4CD85 /* LaunchScreen.storyboard */; };
		4CE25EEB1D48B88100E4CD85 /* CourseTVC.swift in Sources */ = {isa = PBXBuildFile; fileRef = 4CE25EEA1D48B88100E4CD85 /* CourseTVC.swift */; };
		4CE25EED1D48B89D00E4CD85 /* CoreDataTVC.swift in Sources */ = {isa = PBXBuildFile; fileRef = 4CE25EEC1D48B89D00E4CD85 /* CoreDataTVC.swift */; };
		4CF1027D1D58059300E99A25 /* CustomTextFieldView.swift in Sources */ = {isa = PBXBuildFile; fileRef = 4CF1027C1D58059300E99A25 /* CustomTextFieldView.swift */; };
/* End PBXBuildFile section */

/* Begin PBXFileReference section */
		4C01B7821D49C9F3003B4DF0 /* QuizGeneratorVC.swift */ = {isa = PBXFileReference; fileEncoding = 4; lastKnownFileType = sourcecode.swift; path = QuizGeneratorVC.swift; sourceTree = SOURCE_ROOT; };
		4C6AD84B1D4AFC07009475F4 /* AddTermVC.swift */ = {isa = PBXFileReference; fileEncoding = 4; lastKnownFileType = sourcecode.swift; path = AddTermVC.swift; sourceTree = "<group>"; };
		4C6AD84D1D4B0B5F009475F4 /* QuizVC.swift */ = {isa = PBXFileReference; fileEncoding = 4; lastKnownFileType = sourcecode.swift; path = QuizVC.swift; sourceTree = "<group>"; };
		4C8E12F11D52E6420043D97C /* Course+CoreDataProperties.swift */ = {isa = PBXFileReference; fileEncoding = 4; lastKnownFileType = sourcecode.swift; path = "Course+CoreDataProperties.swift"; sourceTree = "<group>"; };
		4C8E12F21D52E6420043D97C /* Course.swift */ = {isa = PBXFileReference; fileEncoding = 4; lastKnownFileType = sourcecode.swift; path = Course.swift; sourceTree = "<group>"; };
		4C8E12F31D52E6420043D97C /* Term+CoreDataProperties.swift */ = {isa = PBXFileReference; fileEncoding = 4; lastKnownFileType = sourcecode.swift; path = "Term+CoreDataProperties.swift"; sourceTree = "<group>"; };
		4C8E12F41D52E6420043D97C /* Term.swift */ = {isa = PBXFileReference; fileEncoding = 4; lastKnownFileType = sourcecode.swift; path = Term.swift; sourceTree = "<group>"; };
		4C97E1521D49FE7300CFFAFB /* TermTVC.swift */ = {isa = PBXFileReference; fileEncoding = 4; lastKnownFileType = sourcecode.swift; path = TermTVC.swift; sourceTree = "<group>"; };
		4C97E16C1D4A06C400CFFAFB /* CoursesDataModel.xcdatamodel */ = {isa = PBXFileReference; lastKnownFileType = wrapper.xcdatamodel; path = CoursesDataModel.xcdatamodel; sourceTree = "<group>"; };
		4C97E17A1D4A2BEF00CFFAFB /* AddCourseVC.swift */ = {isa = PBXFileReference; fileEncoding = 4; lastKnownFileType = sourcecode.swift; path = AddCourseVC.swift; sourceTree = "<group>"; };
		4CA327581D56C94400C74309 /* StringProcess.swift */ = {isa = PBXFileReference; fileEncoding = 4; lastKnownFileType = sourcecode.swift; path = StringProcess.swift; sourceTree = "<group>"; };
		4CD4087E1D58D4630084DA61 /* QuizSummaryVC.swift */ = {isa = PBXFileReference; fileEncoding = 4; lastKnownFileType = sourcecode.swift; path = QuizSummaryVC.swift; sourceTree = "<group>"; };
		4CDAA3051D599A960001B23E /* QuizSummaryTVCell.swift */ = {isa = PBXFileReference; fileEncoding = 4; lastKnownFileType = sourcecode.swift; path = QuizSummaryTVCell.swift; sourceTree = "<group>"; };
		4CDAA3071D5AC0520001B23E /* TickCrossIndicator.swift */ = {isa = PBXFileReference; fileEncoding = 4; lastKnownFileType = sourcecode.swift; path = TickCrossIndicator.swift; sourceTree = "<group>"; };
		4CDAA3091D5AD2A60001B23E /* ViewDetaimTermVC.swift */ = {isa = PBXFileReference; fileEncoding = 4; lastKnownFileType = sourcecode.swift; path = ViewDetaimTermVC.swift; sourceTree = "<group>"; };
		4CDAA30B1D5B24810001B23E /* EditTermVC.swift */ = {isa = PBXFileReference; fileEncoding = 4; lastKnownFileType = sourcecode.swift; path = EditTermVC.swift; sourceTree = "<group>"; };
		4CE25ED21D48B85300E4CD85 /* CoursesTrial.app */ = {isa = PBXFileReference; explicitFileType = wrapper.application; includeInIndex = 0; path = CoursesTrial.app; sourceTree = BUILT_PRODUCTS_DIR; };
		4CE25ED51D48B85300E4CD85 /* AppDelegate.swift */ = {isa = PBXFileReference; lastKnownFileType = sourcecode.swift; path = AppDelegate.swift; sourceTree = "<group>"; };
		4CE25EDA1D48B85300E4CD85 /* Base */ = {isa = PBXFileReference; lastKnownFileType = file.storyboard; name = Base; path = Base.lproj/Main.storyboard; sourceTree = "<group>"; };
		4CE25EDF1D48B85300E4CD85 /* Assets.xcassets */ = {isa = PBXFileReference; lastKnownFileType = folder.assetcatalog; path = Assets.xcassets; sourceTree = "<group>"; };
		4CE25EE21D48B85300E4CD85 /* Base */ = {isa = PBXFileReference; lastKnownFileType = file.storyboard; name = Base; path = Base.lproj/LaunchScreen.storyboard; sourceTree = "<group>"; };
		4CE25EE41D48B85300E4CD85 /* Info.plist */ = {isa = PBXFileReference; lastKnownFileType = text.plist.xml; path = Info.plist; sourceTree = "<group>"; };
		4CE25EEA1D48B88100E4CD85 /* CourseTVC.swift */ = {isa = PBXFileReference; fileEncoding = 4; lastKnownFileType = sourcecode.swift; name = CourseTVC.swift; path = ../CourseTVC.swift; sourceTree = "<group>"; };
		4CE25EEC1D48B89D00E4CD85 /* CoreDataTVC.swift */ = {isa = PBXFileReference; fileEncoding = 4; lastKnownFileType = sourcecode.swift; path = CoreDataTVC.swift; sourceTree = "<group>"; };
		4CF1027C1D58059300E99A25 /* CustomTextFieldView.swift */ = {isa = PBXFileReference; fileEncoding = 4; lastKnownFileType = sourcecode.swift; path = CustomTextFieldView.swift; sourceTree = "<group>"; };
/* End PBXFileReference section */

/* Begin PBXFrameworksBuildPhase section */
		4CE25ECF1D48B85300E4CD85 /* Frameworks */ = {
			isa = PBXFrameworksBuildPhase;
			buildActionMask = 2147483647;
			files = (
			);
			runOnlyForDeploymentPostprocessing = 0;
		};
/* End PBXFrameworksBuildPhase section */

/* Begin PBXGroup section */
		4C705DEF1D4B5D67007EA63C /* Quiz */ = {
			isa = PBXGroup;
			children = (
				4CDAA3071D5AC0520001B23E /* TickCrossIndicator.swift */,
				4CF1027C1D58059300E99A25 /* CustomTextFieldView.swift */,
				4C6AD84D1D4B0B5F009475F4 /* QuizVC.swift */,
				4C01B7821D49C9F3003B4DF0 /* QuizGeneratorVC.swift */,
				4CA327581D56C94400C74309 /* StringProcess.swift */,
				4CD4087E1D58D4630084DA61 /* QuizSummaryVC.swift */,
				4CDAA3051D599A960001B23E /* QuizSummaryTVCell.swift */,
			);
			name = Quiz;
			sourceTree = "<group>";
		};
		4CD4087B1D5857630084DA61 /* Helpers */ = {
			isa = PBXGroup;
			children = (
			);
			name = Helpers;
			sourceTree = "<group>";
		};
		4CE25EC91D48B85300E4CD85 = {
			isa = PBXGroup;
			children = (
				4CE25ED41D48B85300E4CD85 /* CoursesTrial */,
				4CE25ED31D48B85300E4CD85 /* Products */,
			);
			sourceTree = "<group>";
		};
		4CE25ED31D48B85300E4CD85 /* Products */ = {
			isa = PBXGroup;
			children = (
				4CE25ED21D48B85300E4CD85 /* CoursesTrial.app */,
			);
			name = Products;
			sourceTree = "<group>";
		};
		4CE25ED41D48B85300E4CD85 /* CoursesTrial */ = {
			isa = PBXGroup;
			children = (
				4CE25EF51D48BD4500E4CD85 /* Core Data */,
				4CE25ED51D48B85300E4CD85 /* AppDelegate.swift */,
				4CE25EEA1D48B88100E4CD85 /* CourseTVC.swift */,
				4C97E1521D49FE7300CFFAFB /* TermTVC.swift */,
				4CDAA3091D5AD2A60001B23E /* ViewDetaimTermVC.swift */,
				4C705DEF1D4B5D67007EA63C /* Quiz */,
				4CE25ED91D48B85300E4CD85 /* Main.storyboard */,
				4CD4087B1D5857630084DA61 /* Helpers */,
				4C97E17A1D4A2BEF00CFFAFB /* AddCourseVC.swift */,
				4C6AD84B1D4AFC07009475F4 /* AddTermVC.swift */,
				4CDAA30B1D5B24810001B23E /* EditTermVC.swift */,
				4CE25EDF1D48B85300E4CD85 /* Assets.xcassets */,
				4CE25EE11D48B85300E4CD85 /* LaunchScreen.storyboard */,
				4CE25EE41D48B85300E4CD85 /* Info.plist */,
			);
			path = CoursesTrial;
			sourceTree = "<group>";
		};
		4CE25EF51D48BD4500E4CD85 /* Core Data */ = {
			isa = PBXGroup;
			children = (
				4C8E12F11D52E6420043D97C /* Course+CoreDataProperties.swift */,
				4C8E12F21D52E6420043D97C /* Course.swift */,
				4C8E12F31D52E6420043D97C /* Term+CoreDataProperties.swift */,
				4C8E12F41D52E6420043D97C /* Term.swift */,
				4C97E16B1D4A06C400CFFAFB /* CoursesDataModel.xcdatamodeld */,
				4CE25EEC1D48B89D00E4CD85 /* CoreDataTVC.swift */,
			);
			name = "Core Data";
			sourceTree = "<group>";
		};
/* End PBXGroup section */

/* Begin PBXNativeTarget section */
		4CE25ED11D48B85300E4CD85 /* CoursesTrial */ = {
			isa = PBXNativeTarget;
			buildConfigurationList = 4CE25EE71D48B85300E4CD85 /* Build configuration list for PBXNativeTarget "CoursesTrial" */;
			buildPhases = (
				4CE25ECE1D48B85300E4CD85 /* Sources */,
				4CE25ECF1D48B85300E4CD85 /* Frameworks */,
				4CE25ED01D48B85300E4CD85 /* Resources */,
			);
			buildRules = (
			);
			dependencies = (
			);
			name = CoursesTrial;
			productName = CoursesTrial;
			productReference = 4CE25ED21D48B85300E4CD85 /* CoursesTrial.app */;
			productType = "com.apple.product-type.application";
		};
/* End PBXNativeTarget section */

/* Begin PBXProject section */
		4CE25ECA1D48B85300E4CD85 /* Project object */ = {
			isa = PBXProject;
			attributes = {
				LastSwiftUpdateCheck = 0730;
				LastUpgradeCheck = 0730;
				ORGANIZATIONNAME = Ahanya;
				TargetAttributes = {
					4CE25ED11D48B85300E4CD85 = {
						CreatedOnToolsVersion = 7.3.1;
						DevelopmentTeam = JXTD2SG92J;
					};
				};
			};
			buildConfigurationList = 4CE25ECD1D48B85300E4CD85 /* Build configuration list for PBXProject "CoursesTrial" */;
			compatibilityVersion = "Xcode 3.2";
			developmentRegion = English;
			hasScannedForEncodings = 0;
			knownRegions = (
				en,
				Base,
			);
			mainGroup = 4CE25EC91D48B85300E4CD85;
			productRefGroup = 4CE25ED31D48B85300E4CD85 /* Products */;
			projectDirPath = "";
			projectRoot = "";
			targets = (
				4CE25ED11D48B85300E4CD85 /* CoursesTrial */,
			);
		};
/* End PBXProject section */

/* Begin PBXResourcesBuildPhase section */
		4CE25ED01D48B85300E4CD85 /* Resources */ = {
			isa = PBXResourcesBuildPhase;
			buildActionMask = 2147483647;
			files = (
				4CE25EE31D48B85300E4CD85 /* LaunchScreen.storyboard in Resources */,
				4CE25EE01D48B85300E4CD85 /* Assets.xcassets in Resources */,
				4CE25EDB1D48B85300E4CD85 /* Main.storyboard in Resources */,
			);
			runOnlyForDeploymentPostprocessing = 0;
		};
/* End PBXResourcesBuildPhase section */

/* Begin PBXSourcesBuildPhase section */
		4CE25ECE1D48B85300E4CD85 /* Sources */ = {
			isa = PBXSourcesBuildPhase;
			buildActionMask = 2147483647;
			files = (
				4C97E16D1D4A06C400CFFAFB /* CoursesDataModel.xcdatamodeld in Sources */,
				4C8E12F61D52E6420043D97C /* Course.swift in Sources */,
				4CDAA30C1D5B24810001B23E /* EditTermVC.swift in Sources */,
				4CA327591D56C94400C74309 /* StringProcess.swift in Sources */,
				4C6AD84E1D4B0B5F009475F4 /* QuizVC.swift in Sources */,
				4CF1027D1D58059300E99A25 /* CustomTextFieldView.swift in Sources */,
				4C8E12F81D52E6420043D97C /* Term.swift in Sources */,
				4CDAA30A1D5AD2A60001B23E /* ViewDetaimTermVC.swift in Sources */,
				4C8E12F71D52E6420043D97C /* Term+CoreDataProperties.swift in Sources */,
				4C6AD84C1D4AFC07009475F4 /* AddTermVC.swift in Sources */,
				4C97E1531D49FE7300CFFAFB /* TermTVC.swift in Sources */,
				4C01B7831D49C9F3003B4DF0 /* QuizGeneratorVC.swift in Sources */,
				4CE25EED1D48B89D00E4CD85 /* CoreDataTVC.swift in Sources */,
				4C8E12F51D52E6420043D97C /* Course+CoreDataProperties.swift in Sources */,
				4C97E17B1D4A2BEF00CFFAFB /* AddCourseVC.swift in Sources */,
				4CE25ED61D48B85300E4CD85 /* AppDelegate.swift in Sources */,
				4CDAA3061D599A960001B23E /* QuizSummaryTVCell.swift in Sources */,
				4CDAA3081D5AC0520001B23E /* TickCrossIndicator.swift in Sources */,
				4CD4087F1D58D4630084DA61 /* QuizSummaryVC.swift in Sources */,
				4CE25EEB1D48B88100E4CD85 /* CourseTVC.swift in Sources */,
			);
			runOnlyForDeploymentPostprocessing = 0;
		};
/* End PBXSourcesBuildPhase section */

/* Begin PBXVariantGroup section */
		4CE25ED91D48B85300E4CD85 /* Main.storyboard */ = {
			isa = PBXVariantGroup;
			children = (
				4CE25EDA1D48B85300E4CD85 /* Base */,
			);
			name = Main.storyboard;
			sourceTree = "<group>";
		};
		4CE25EE11D48B85300E4CD85 /* LaunchScreen.storyboard */ = {
			isa = PBXVariantGroup;
			children = (
				4CE25EE21D48B85300E4CD85 /* Base */,
			);
			name = LaunchScreen.storyboard;
			sourceTree = "<group>";
		};
/* End PBXVariantGroup section */

/* Begin XCBuildConfiguration section */
		4CE25EE51D48B85300E4CD85 /* Debug */ = {
			isa = XCBuildConfiguration;
			buildSettings = {
				ALWAYS_SEARCH_USER_PATHS = NO;
				CLANG_ANALYZER_NONNULL = YES;
				CLANG_CXX_LANGUAGE_STANDARD = "gnu++0x";
				CLANG_CXX_LIBRARY = "libc++";
				CLANG_ENABLE_MODULES = YES;
				CLANG_ENABLE_OBJC_ARC = YES;
				CLANG_WARN_BOOL_CONVERSION = YES;
				CLANG_WARN_CONSTANT_CONVERSION = YES;
				CLANG_WARN_DIRECT_OBJC_ISA_USAGE = YES_ERROR;
				CLANG_WARN_EMPTY_BODY = YES;
				CLANG_WARN_ENUM_CONVERSION = YES;
				CLANG_WARN_INT_CONVERSION = YES;
				CLANG_WARN_OBJC_ROOT_CLASS = YES_ERROR;
				CLANG_WARN_UNREACHABLE_CODE = YES;
				CLANG_WARN__DUPLICATE_METHOD_MATCH = YES;
				"CODE_SIGN_IDENTITY[sdk=iphoneos*]" = "iPhone Developer";
				COPY_PHASE_STRIP = NO;
				DEBUG_INFORMATION_FORMAT = dwarf;
				ENABLE_STRICT_OBJC_MSGSEND = YES;
				ENABLE_TESTABILITY = YES;
				GCC_C_LANGUAGE_STANDARD = gnu99;
				GCC_DYNAMIC_NO_PIC = NO;
				GCC_NO_COMMON_BLOCKS = YES;
				GCC_OPTIMIZATION_LEVEL = 0;
				GCC_PREPROCESSOR_DEFINITIONS = (
					"DEBUG=1",
					"$(inherited)",
				);
				GCC_WARN_64_TO_32_BIT_CONVERSION = YES;
				GCC_WARN_ABOUT_RETURN_TYPE = YES_ERROR;
				GCC_WARN_UNDECLARED_SELECTOR = YES;
				GCC_WARN_UNINITIALIZED_AUTOS = YES_AGGRESSIVE;
				GCC_WARN_UNUSED_FUNCTION = YES;
				GCC_WARN_UNUSED_VARIABLE = YES;
				IPHONEOS_DEPLOYMENT_TARGET = 9.3;
				MTL_ENABLE_DEBUG_INFO = YES;
				ONLY_ACTIVE_ARCH = YES;
				SDKROOT = iphoneos;
				SWIFT_OPTIMIZATION_LEVEL = "-Onone";
				TARGETED_DEVICE_FAMILY = "1,2";
			};
			name = Debug;
		};
		4CE25EE61D48B85300E4CD85 /* Release */ = {
			isa = XCBuildConfiguration;
			buildSettings = {
				ALWAYS_SEARCH_USER_PATHS = NO;
				CLANG_ANALYZER_NONNULL = YES;
				CLANG_CXX_LANGUAGE_STANDARD = "gnu++0x";
				CLANG_CXX_LIBRARY = "libc++";
				CLANG_ENABLE_MODULES = YES;
				CLANG_ENABLE_OBJC_ARC = YES;
				CLANG_WARN_BOOL_CONVERSION = YES;
				CLANG_WARN_CONSTANT_CONVERSION = YES;
				CLANG_WARN_DIRECT_OBJC_ISA_USAGE = YES_ERROR;
				CLANG_WARN_EMPTY_BODY = YES;
				CLANG_WARN_ENUM_CONVERSION = YES;
				CLANG_WARN_INT_CONVERSION = YES;
				CLANG_WARN_OBJC_ROOT_CLASS = YES_ERROR;
				CLANG_WARN_UNREACHABLE_CODE = YES;
				CLANG_WARN__DUPLICATE_METHOD_MATCH = YES;
				"CODE_SIGN_IDENTITY[sdk=iphoneos*]" = "iPhone Developer";
				COPY_PHASE_STRIP = NO;
				DEBUG_INFORMATION_FORMAT = "dwarf-with-dsym";
				ENABLE_NS_ASSERTIONS = NO;
				ENABLE_STRICT_OBJC_MSGSEND = YES;
				GCC_C_LANGUAGE_STANDARD = gnu99;
				GCC_NO_COMMON_BLOCKS = YES;
				GCC_WARN_64_TO_32_BIT_CONVERSION = YES;
				GCC_WARN_ABOUT_RETURN_TYPE = YES_ERROR;
				GCC_WARN_UNDECLARED_SELECTOR = YES;
				GCC_WARN_UNINITIALIZED_AUTOS = YES_AGGRESSIVE;
				GCC_WARN_UNUSED_FUNCTION = YES;
				GCC_WARN_UNUSED_VARIABLE = YES;
				IPHONEOS_DEPLOYMENT_TARGET = 9.3;
				MTL_ENABLE_DEBUG_INFO = NO;
				SDKROOT = iphoneos;
				TARGETED_DEVICE_FAMILY = "1,2";
				VALIDATE_PRODUCT = YES;
			};
			name = Release;
		};
		4CE25EE81D48B85300E4CD85 /* Debug */ = {
			isa = XCBuildConfiguration;
			buildSettings = {
				ASSETCATALOG_COMPILER_APPICON_NAME = AppIcon;
				CODE_SIGN_IDENTITY = "iPhone Developer";
				"CODE_SIGN_IDENTITY[sdk=iphoneos*]" = "iPhone Developer";
				INFOPLIST_FILE = CoursesTrial/Info.plist;
				LD_RUNPATH_SEARCH_PATHS = "$(inherited) @executable_path/Frameworks";
				PRODUCT_BUNDLE_IDENTIFIER = ahanya.com.CoursesTrial;
				PRODUCT_NAME = "$(TARGET_NAME)";
				PROVISIONING_PROFILE = "";
			};
			name = Debug;
		};
		4CE25EE91D48B85300E4CD85 /* Release */ = {
			isa = XCBuildConfiguration;
			buildSettings = {
				ASSETCATALOG_COMPILER_APPICON_NAME = AppIcon;
				CODE_SIGN_IDENTITY = "iPhone Developer";
				"CODE_SIGN_IDENTITY[sdk=iphoneos*]" = "iPhone Developer";
				INFOPLIST_FILE = CoursesTrial/Info.plist;
				LD_RUNPATH_SEARCH_PATHS = "$(inherited) @executable_path/Frameworks";
				PRODUCT_BUNDLE_IDENTIFIER = ahanya.com.CoursesTrial;
				PRODUCT_NAME = "$(TARGET_NAME)";
				PROVISIONING_PROFILE = "";
			};
			name = Release;
		};
/* End XCBuildConfiguration section */

/* Begin XCConfigurationList section */
		4CE25ECD1D48B85300E4CD85 /* Build configuration list for PBXProject "CoursesTrial" */ = {
			isa = XCConfigurationList;
			buildConfigurations = (
				4CE25EE51D48B85300E4CD85 /* Debug */,
				4CE25EE61D48B85300E4CD85 /* Release */,
			);
			defaultConfigurationIsVisible = 0;
			defaultConfigurationName = Release;
		};
		4CE25EE71D48B85300E4CD85 /* Build configuration list for PBXNativeTarget "CoursesTrial" */ = {
			isa = XCConfigurationList;
			buildConfigurations = (
				4CE25EE81D48B85300E4CD85 /* Debug */,
				4CE25EE91D48B85300E4CD85 /* Release */,
			);
			defaultConfigurationIsVisible = 0;
			defaultConfigurationName = Release;
		};
/* End XCConfigurationList section */

/* Begin XCVersionGroup section */
		4C97E16B1D4A06C400CFFAFB /* CoursesDataModel.xcdatamodeld */ = {
			isa = XCVersionGroup;
			children = (
				4C97E16C1D4A06C400CFFAFB /* CoursesDataModel.xcdatamodel */,
			);
			currentVersion = 4C97E16C1D4A06C400CFFAFB /* CoursesDataModel.xcdatamodel */;
			path = CoursesDataModel.xcdatamodeld;
			sourceTree = "<group>";
			versionGroupType = wrapper.xcdatamodel;
		};
/* End XCVersionGroup section */
	};
	rootObject = 4CE25ECA1D48B85300E4CD85 /* Project object */;
}
